
Microsoft Visual Studio Solution File, Format Version 12.00
# Visual Studio Version 17
VisualStudioVersion = 17.0.31912.275
MinimumVisualStudioVersion = 10.0.40219.1
Project("{FAE04EC0-301F-11D3-BF4B-00C04F79EFBC}") = "PubSubHubbubAPI", "PubSubHubbubAPI\PubSubHubbubAPI.csproj", "{E18A99BE-74BC-48D1-A837-8AE55FFDB71B}"
EndProject
Global
	GlobalSection(SolutionConfigurationPlatforms) = preSolution
		Debug|Any CPU = Debug|Any CPU
		Release|Any CPU = Release|Any CPU
	EndGlobalSection
	GlobalSection(ProjectConfigurationPlatforms) = postSolution
		{E18A99BE-74BC-48D1-A837-8AE55FFDB71B}.Debug|Any CPU.ActiveCfg = Debug|Any CPU
		{E18A99BE-74BC-48D1-A837-8AE55FFDB71B}.Debug|Any CPU.Build.0 = Debug|Any CPU
		{E18A99BE-74BC-48D1-A837-8AE55FFDB71B}.Release|Any CPU.ActiveCfg = Release|Any CPU
		{E18A99BE-74BC-48D1-A837-8AE55FFDB71B}.Release|Any CPU.Build.0 = Release|Any CPU
	EndGlobalSection
	GlobalSection(SolutionProperties) = preSolution
		HideSolutionNode = FALSE
	EndGlobalSection
	GlobalSection(ExtensibilityGlobals) = postSolution
		SolutionGuid = {0D985B03-3430-494F-A898-1B0681DC9925}
	EndGlobalSection
EndGlobal
